
Microsoft Visual Studio Solution File, Format Version 12.00
# Visual Studio Version 17
VisualStudioVersion = 17.8.34330.188
MinimumVisualStudioVersion = 10.0.40219.1
Project("{FAE04EC0-301F-11D3-BF4B-00C04F79EFBC}") = "ATBMTT_RSA", "ATBMTT_RSA\ATBMTT_RSA.csproj", "{15895187-D844-42F8-B052-AD7A6FA470DE}"
EndProject
Global
	GlobalSection(SolutionConfigurationPlatforms) = preSolution
		Debug|Any CPU = Debug|Any CPU
		Release|Any CPU = Release|Any CPU
	EndGlobalSection
	GlobalSection(ProjectConfigurationPlatforms) = postSolution
		{15895187-D844-42F8-B052-AD7A6FA470DE}.Debug|Any CPU.ActiveCfg = Debug|Any CPU
		{15895187-D844-42F8-B052-AD7A6FA470DE}.Debug|Any CPU.Build.0 = Debug|Any CPU
		{15895187-D844-42F8-B052-AD7A6FA470DE}.Release|Any CPU.ActiveCfg = Release|Any CPU
		{15895187-D844-42F8-B052-AD7A6FA470DE}.Release|Any CPU.Build.0 = Release|Any CPU
	EndGlobalSection
	GlobalSection(SolutionProperties) = preSolution
		HideSolutionNode = FALSE
	EndGlobalSection
	GlobalSection(ExtensibilityGlobals) = postSolution
		SolutionGuid = {4718710A-17D8-444D-91EB-818BF3E5A9BE}
	EndGlobalSection
EndGlobal
